
Microsoft Visual Studio Solution File, Format Version 12.00
# Visual Studio Version 16
VisualStudioVersion = 16.0.30011.22
MinimumVisualStudioVersion = 10.0.40219.1
Project("{F184B08F-C81C-45F6-A57F-5ABD9991F28F}") = "NotificadorDeTarefas_Custódio", "NotificadorDeTarefas_Custódio\NotificadorDeTarefas_Custódio.vbproj", "{28C6577E-5F4C-43DA-8356-E597799713D6}"
EndProject
Global
	GlobalSection(SolutionConfigurationPlatforms) = preSolution
		Debug|Any CPU = Debug|Any CPU
		Release|Any CPU = Release|Any CPU
	EndGlobalSection
	GlobalSection(ProjectConfigurationPlatforms) = postSolution
		{28C6577E-5F4C-43DA-8356-E597799713D6}.Debug|Any CPU.ActiveCfg = Debug|Any CPU
		{28C6577E-5F4C-43DA-8356-E597799713D6}.Debug|Any CPU.Build.0 = Debug|Any CPU
		{28C6577E-5F4C-43DA-8356-E597799713D6}.Release|Any CPU.ActiveCfg = Release|Any CPU
		{28C6577E-5F4C-43DA-8356-E597799713D6}.Release|Any CPU.Build.0 = Release|Any CPU
	EndGlobalSection
	GlobalSection(SolutionProperties) = preSolution
		HideSolutionNode = FALSE
	EndGlobalSection
	GlobalSection(ExtensibilityGlobals) = postSolution
		SolutionGuid = {DDEF2EF2-DF56-4EED-84B5-2689820468CA}
	EndGlobalSection
EndGlobal
